
Microsoft Visual Studio Solution File, Format Version 12.00
# Visual Studio 15
VisualStudioVersion = 15.0.28307.1000
MinimumVisualStudioVersion = 10.0.40219.1
Project("{FAE04EC0-301F-11D3-BF4B-00C04F79EFBC}") = "Second_Task", "Second_Task\Second_Task.csproj", "{E2949993-CC2A-4E8F-B853-F6ECA8DE75AF}"
EndProject
Global
	GlobalSection(SolutionConfigurationPlatforms) = preSolution
		Debug|Any CPU = Debug|Any CPU
		Release|Any CPU = Release|Any CPU
	EndGlobalSection
	GlobalSection(ProjectConfigurationPlatforms) = postSolution
		{E2949993-CC2A-4E8F-B853-F6ECA8DE75AF}.Debug|Any CPU.ActiveCfg = Debug|Any CPU
		{E2949993-CC2A-4E8F-B853-F6ECA8DE75AF}.Debug|Any CPU.Build.0 = Debug|Any CPU
		{E2949993-CC2A-4E8F-B853-F6ECA8DE75AF}.Release|Any CPU.ActiveCfg = Release|Any CPU
		{E2949993-CC2A-4E8F-B853-F6ECA8DE75AF}.Release|Any CPU.Build.0 = Release|Any CPU
	EndGlobalSection
	GlobalSection(SolutionProperties) = preSolution
		HideSolutionNode = FALSE
	EndGlobalSection
	GlobalSection(ExtensibilityGlobals) = postSolution
		SolutionGuid = {CD508982-CD9D-445E-B4D0-9360C40AF1FF}
	EndGlobalSection
EndGlobal
