
Microsoft Visual Studio Solution File, Format Version 12.00
# Visual Studio Version 16
VisualStudioVersion = 16.0.29806.167
MinimumVisualStudioVersion = 10.0.40219.1
Project("{FAE04EC0-301F-11D3-BF4B-00C04F79EFBC}") = "CalcPervoobr", "CalcPervoobr\CalcPervoobr.csproj", "{56FA4710-63EB-4A24-8163-E81D85249416}"
EndProject
Global
	GlobalSection(SolutionConfigurationPlatforms) = preSolution
		Debug|Any CPU = Debug|Any CPU
		Release|Any CPU = Release|Any CPU
	EndGlobalSection
	GlobalSection(ProjectConfigurationPlatforms) = postSolution
		{56FA4710-63EB-4A24-8163-E81D85249416}.Debug|Any CPU.ActiveCfg = Debug|Any CPU
		{56FA4710-63EB-4A24-8163-E81D85249416}.Debug|Any CPU.Build.0 = Debug|Any CPU
		{56FA4710-63EB-4A24-8163-E81D85249416}.Release|Any CPU.ActiveCfg = Release|Any CPU
		{56FA4710-63EB-4A24-8163-E81D85249416}.Release|Any CPU.Build.0 = Release|Any CPU
	EndGlobalSection
	GlobalSection(SolutionProperties) = preSolution
		HideSolutionNode = FALSE
	EndGlobalSection
	GlobalSection(ExtensibilityGlobals) = postSolution
		SolutionGuid = {F3F40131-68CA-4939-9622-438E3982000C}
	EndGlobalSection
EndGlobal
